github.com/modood/table v0.0.0-20200225102042-88de94bb9876 h1:B4Xx3qOvn+rJip+843KkfIn0zefjyr6A5FS5PjMlpLY=
github.com/modood/table v0.0.0-20200225102042-88de94bb9876/go.mod h1:41qyXVI5QH9/ObyPj27CGCVau5v/njfc3Gjj7yzr0HQ=
github.com/shirou/gopsutil v0.0.0-20200630120421-10a398abdd2d h1:4gSumdK6HoYDlTJmYX1DAgc3uLkDIA2MMugNss8bf50=
github.com/shirou/gopsutil v0.0.0-20200630120421-10a398abdd2d/go.mod h1:5b4v6he4MtMOwMlS0TUMTu2PcXUg8+E1lC7eC3UO/RA=
golang.org/x/sys v0.0.0-20200625212154-ddb9806d33ae h1:Ih9Yo4hSPImZOpfGuA4bR/ORKTAbhZo2AbWNRCnevdo=
golang.org/x/sys v0.0.0-20200625212154-ddb9806d33ae/go.mod h1:h1NjWce9XRLGQEsW7wpKNCjG9DtNlClVuFLEZdDNbEs=
